// !$*UTF8*$!
{
	archiveVersion = 1;
	classes = {
	};
	objectVersion = 56;
	objects = {

/* Begin PBXBuildFile section */
		BC8C8B312AF3E5A100B45F62 /* Factory.swift in Sources */ = {isa = PBXBuildFile; fileRef = BC8C8B302AF3E5A100B45F62 /* Factory.swift */; };
		BC8F53552AF0BF7C00F3FFE0 /* AppDelegate.swift in Sources */ = {isa = PBXBuildFile; fileRef = BC8F53542AF0BF7C00F3FFE0 /* AppDelegate.swift */; };
		BC8F53572AF0BF7C00F3FFE0 /* SceneDelegate.swift in Sources */ = {isa = PBXBuildFile; fileRef = BC8F53562AF0BF7C00F3FFE0 /* SceneDelegate.swift */; };
		BC8F53592AF0BF7C00F3FFE0 /* ViewController.swift in Sources */ = {isa = PBXBuildFile; fileRef = BC8F53582AF0BF7C00F3FFE0 /* ViewController.swift */; };
		BC8F535E2AF0BF7D00F3FFE0 /* Assets.xcassets in Resources */ = {isa = PBXBuildFile; fileRef = BC8F535D2AF0BF7D00F3FFE0 /* Assets.xcassets */; };
		BC8F53692AF0BFAD00F3FFE0 /* NetworkService.swift in Sources */ = {isa = PBXBuildFile; fileRef = BC8F53682AF0BFAD00F3FFE0 /* NetworkService.swift */; };
		BC8F536B2AF0C0DD00F3FFE0 /* NetworkErrors.swift in Sources */ = {isa = PBXBuildFile; fileRef = BC8F536A2AF0C0DD00F3FFE0 /* NetworkErrors.swift */; };
		BC8F536D2AF0C17B00F3FFE0 /* NetworkModels.swift in Sources */ = {isa = PBXBuildFile; fileRef = BC8F536C2AF0C17B00F3FFE0 /* NetworkModels.swift */; };
		BCF7149A2AF0E94700323455 /* Presenter.swift in Sources */ = {isa = PBXBuildFile; fileRef = BCF714992AF0E94700323455 /* Presenter.swift */; };
		BCF7149E2AF11A1100323455 /* TextWithColorBackground.swift in Sources */ = {isa = PBXBuildFile; fileRef = BCF7149D2AF11A1100323455 /* TextWithColorBackground.swift */; };
		BCF714A02AF11EB100323455 /* UIColor+.swift in Sources */ = {isa = PBXBuildFile; fileRef = BCF7149F2AF11EB100323455 /* UIColor+.swift */; };
		BCF714A22AF1239700323455 /* UIView+.swift in Sources */ = {isa = PBXBuildFile; fileRef = BCF714A12AF1239700323455 /* UIView+.swift */; };
		BCF714A62AF238AB00323455 /* String+.swift in Sources */ = {isa = PBXBuildFile; fileRef = BCF714A52AF238AB00323455 /* String+.swift */; };
		BCF714A82AF247CF00323455 /* UIImageView+.swift in Sources */ = {isa = PBXBuildFile; fileRef = BCF714A72AF247CF00323455 /* UIImageView+.swift */; };
		BCF714AA2AF2488D00323455 /* MainView.swift in Sources */ = {isa = PBXBuildFile; fileRef = BCF714A92AF2488D00323455 /* MainView.swift */; };
		BCF714AE2AF38ABB00323455 /* CollectionViewCell.swift in Sources */ = {isa = PBXBuildFile; fileRef = BCF714AD2AF38ABB00323455 /* CollectionViewCell.swift */; };
		BCF714B02AF38AE400323455 /* PartTimeJobModel.swift in Sources */ = {isa = PBXBuildFile; fileRef = BCF714AF2AF38AE400323455 /* PartTimeJobModel.swift */; };
		BCF714C02AF3C6E700323455 /* Localizable.xcstrings in Resources */ = {isa = PBXBuildFile; fileRef = BCF714BF2AF3C6E700323455 /* Localizable.xcstrings */; };
/* End PBXBuildFile section */

/* Begin PBXFileReference section */
		BC8C8B302AF3E5A100B45F62 /* Factory.swift */ = {isa = PBXFileReference; lastKnownFileType = sourcecode.swift; path = Factory.swift; sourceTree = "<group>"; };
		BC8F53512AF0BF7C00F3FFE0 /* Part-time job.app */ = {isa = PBXFileReference; explicitFileType = wrapper.application; includeInIndex = 0; path = "Part-time job.app"; sourceTree = BUILT_PRODUCTS_DIR; };
		BC8F53542AF0BF7C00F3FFE0 /* AppDelegate.swift */ = {isa = PBXFileReference; lastKnownFileType = sourcecode.swift; path = AppDelegate.swift; sourceTree = "<group>"; };
		BC8F53562AF0BF7C00F3FFE0 /* SceneDelegate.swift */ = {isa = PBXFileReference; lastKnownFileType = sourcecode.swift; path = SceneDelegate.swift; sourceTree = "<group>"; };
		BC8F53582AF0BF7C00F3FFE0 /* ViewController.swift */ = {isa = PBXFileReference; lastKnownFileType = sourcecode.swift; path = ViewController.swift; sourceTree = "<group>"; };
		BC8F535D2AF0BF7D00F3FFE0 /* Assets.xcassets */ = {isa = PBXFileReference; lastKnownFileType = folder.assetcatalog; path = Assets.xcassets; sourceTree = "<group>"; };
		BC8F53622AF0BF7D00F3FFE0 /* Info.plist */ = {isa = PBXFileReference; lastKnownFileType = text.plist.xml; path = Info.plist; sourceTree = "<group>"; };
		BC8F53682AF0BFAD00F3FFE0 /* NetworkService.swift */ = {isa = PBXFileReference; lastKnownFileType = sourcecode.swift; path = NetworkService.swift; sourceTree = "<group>"; };
		BC8F536A2AF0C0DD00F3FFE0 /* NetworkErrors.swift */ = {isa = PBXFileReference; lastKnownFileType = sourcecode.swift; path = NetworkErrors.swift; sourceTree = "<group>"; };
		BC8F536C2AF0C17B00F3FFE0 /* NetworkModels.swift */ = {isa = PBXFileReference; lastKnownFileType = sourcecode.swift; path = NetworkModels.swift; sourceTree = "<group>"; };
		BCF714992AF0E94700323455 /* Presenter.swift */ = {isa = PBXFileReference; lastKnownFileType = sourcecode.swift; path = Presenter.swift; sourceTree = "<group>"; };
		BCF7149D2AF11A1100323455 /* TextWithColorBackground.swift */ = {isa = PBXFileReference; lastKnownFileType = sourcecode.swift; path = TextWithColorBackground.swift; sourceTree = "<group>"; };
		BCF7149F2AF11EB100323455 /* UIColor+.swift */ = {isa = PBXFileReference; lastKnownFileType = sourcecode.swift; path = "UIColor+.swift"; sourceTree = "<group>"; };
		BCF714A12AF1239700323455 /* UIView+.swift */ = {isa = PBXFileReference; lastKnownFileType = sourcecode.swift; path = "UIView+.swift"; sourceTree = "<group>"; };
		BCF714A52AF238AB00323455 /* String+.swift */ = {isa = PBXFileReference; lastKnownFileType = sourcecode.swift; path = "String+.swift"; sourceTree = "<group>"; };
		BCF714A72AF247CF00323455 /* UIImageView+.swift */ = {isa = PBXFileReference; lastKnownFileType = sourcecode.swift; path = "UIImageView+.swift"; sourceTree = "<group>"; };
		BCF714A92AF2488D00323455 /* MainView.swift */ = {isa = PBXFileReference; lastKnownFileType = sourcecode.swift; path = MainView.swift; sourceTree = "<group>"; };
		BCF714AD2AF38ABB00323455 /* CollectionViewCell.swift */ = {isa = PBXFileReference; fileEncoding = 4; lastKnownFileType = sourcecode.swift; path = CollectionViewCell.swift; sourceTree = "<group>"; };
		BCF714AF2AF38AE400323455 /* PartTimeJobModel.swift */ = {isa = PBXFileReference; lastKnownFileType = sourcecode.swift; path = PartTimeJobModel.swift; sourceTree = "<group>"; };
		BCF714BF2AF3C6E700323455 /* Localizable.xcstrings */ = {isa = PBXFileReference; lastKnownFileType = text.json.xcstrings; path = Localizable.xcstrings; sourceTree = "<group>"; };
/* End PBXFileReference section */

/* Begin PBXFrameworksBuildPhase section */
		BC8F534E2AF0BF7C00F3FFE0 /* Frameworks */ = {
			isa = PBXFrameworksBuildPhase;
			buildActionMask = 2147483647;
			files = (
			);
			runOnlyForDeploymentPostprocessing = 0;
		};
/* End PBXFrameworksBuildPhase section */

/* Begin PBXGroup section */
		BC8C8B2F2AF3E4E200B45F62 /* UIElements */ = {
			isa = PBXGroup;
			children = (
				BCF7149D2AF11A1100323455 /* TextWithColorBackground.swift */,
			);
			path = UIElements;
			sourceTree = "<group>";
		};
		BC8F53482AF0BF7C00F3FFE0 = {
			isa = PBXGroup;
			children = (
				BCF714BF2AF3C6E700323455 /* Localizable.xcstrings */,
				BC8F53532AF0BF7C00F3FFE0 /* Part-time job */,
				BC8F53522AF0BF7C00F3FFE0 /* Products */,
			);
			sourceTree = "<group>";
		};
		BC8F53522AF0BF7C00F3FFE0 /* Products */ = {
			isa = PBXGroup;
			children = (
				BC8F53512AF0BF7C00F3FFE0 /* Part-time job.app */,
			);
			name = Products;
			sourceTree = "<group>";
		};
		BC8F53532AF0BF7C00F3FFE0 /* Part-time job */ = {
			isa = PBXGroup;
			children = (
				BCF714982AF0E93600323455 /* App */,
				BCF714AB2AF27E6600323455 /* Extensions */,
				BCF714972AF0E91B00323455 /* Network */,
				BCF714AC2AF3874C00323455 /* MainModule */,
				BC8C8B2F2AF3E4E200B45F62 /* UIElements */,
				BC8F53622AF0BF7D00F3FFE0 /* Info.plist */,
			);
			path = "Part-time job";
			sourceTree = "<group>";
		};
		BCF714972AF0E91B00323455 /* Network */ = {
			isa = PBXGroup;
			children = (
				BC8F53682AF0BFAD00F3FFE0 /* NetworkService.swift */,
				BC8F536C2AF0C17B00F3FFE0 /* NetworkModels.swift */,
				BC8F536A2AF0C0DD00F3FFE0 /* NetworkErrors.swift */,
			);
			path = Network;
			sourceTree = "<group>";
		};
		BCF714982AF0E93600323455 /* App */ = {
			isa = PBXGroup;
			children = (
				BC8F53542AF0BF7C00F3FFE0 /* AppDelegate.swift */,
				BC8F535D2AF0BF7D00F3FFE0 /* Assets.xcassets */,
				BC8F53562AF0BF7C00F3FFE0 /* SceneDelegate.swift */,
				BC8C8B302AF3E5A100B45F62 /* Factory.swift */,
			);
			path = App;
			sourceTree = "<group>";
		};
		BCF714AB2AF27E6600323455 /* Extensions */ = {
			isa = PBXGroup;
			children = (
				BCF714A72AF247CF00323455 /* UIImageView+.swift */,
				BCF7149F2AF11EB100323455 /* UIColor+.swift */,
				BCF714A12AF1239700323455 /* UIView+.swift */,
				BCF714A52AF238AB00323455 /* String+.swift */,
			);
			path = Extensions;
			sourceTree = "<group>";
		};
		BCF714AC2AF3874C00323455 /* MainModule */ = {
			isa = PBXGroup;
			children = (
				BC8F53582AF0BF7C00F3FFE0 /* ViewController.swift */,
				BCF714A92AF2488D00323455 /* MainView.swift */,
				BCF714AD2AF38ABB00323455 /* CollectionViewCell.swift */,
				BCF714AF2AF38AE400323455 /* PartTimeJobModel.swift */,
				BCF714992AF0E94700323455 /* Presenter.swift */,
			);
			path = MainModule;
			sourceTree = "<group>";
		};
/* End PBXGroup section */

/* Begin PBXNativeTarget section */
		BC8F53502AF0BF7C00F3FFE0 /* Part-time job */ = {
			isa = PBXNativeTarget;
			buildConfigurationList = BC8F53652AF0BF7D00F3FFE0 /* Build configuration list for PBXNativeTarget "Part-time job" */;
			buildPhases = (
				BC8F534D2AF0BF7C00F3FFE0 /* Sources */,
				BC8F534E2AF0BF7C00F3FFE0 /* Frameworks */,
				BC8F534F2AF0BF7C00F3FFE0 /* Resources */,
			);
			buildRules = (
			);
			dependencies = (
			);
			name = "Part-time job";
			productName = "Part-time job";
			productReference = BC8F53512AF0BF7C00F3FFE0 /* Part-time job.app */;
			productType = "com.apple.product-type.application";
		};
/* End PBXNativeTarget section */

/* Begin PBXProject section */
		BC8F53492AF0BF7C00F3FFE0 /* Project object */ = {
			isa = PBXProject;
			attributes = {
				BuildIndependentTargetsInParallel = 1;
				LastSwiftUpdateCheck = 1500;
				LastUpgradeCheck = 1500;
				TargetAttributes = {
					BC8F53502AF0BF7C00F3FFE0 = {
						CreatedOnToolsVersion = 15.0.1;
					};
				};
			};
			buildConfigurationList = BC8F534C2AF0BF7C00F3FFE0 /* Build configuration list for PBXProject "Part-time job" */;
			compatibilityVersion = "Xcode 14.0";
			developmentRegion = ru;
			hasScannedForEncodings = 0;
			knownRegions = (
				ru,
				Base,
			);
			mainGroup = BC8F53482AF0BF7C00F3FFE0;
			productRefGroup = BC8F53522AF0BF7C00F3FFE0 /* Products */;
			projectDirPath = "";
			projectRoot = "";
			targets = (
				BC8F53502AF0BF7C00F3FFE0 /* Part-time job */,
			);
		};
/* End PBXProject section */

/* Begin PBXResourcesBuildPhase section */
		BC8F534F2AF0BF7C00F3FFE0 /* Resources */ = {
			isa = PBXResourcesBuildPhase;
			buildActionMask = 2147483647;
			files = (
				BCF714C02AF3C6E700323455 /* Localizable.xcstrings in Resources */,
				BC8F535E2AF0BF7D00F3FFE0 /* Assets.xcassets in Resources */,
			);
			runOnlyForDeploymentPostprocessing = 0;
		};
/* End PBXResourcesBuildPhase section */

/* Begin PBXSourcesBuildPhase section */
		BC8F534D2AF0BF7C00F3FFE0 /* Sources */ = {
			isa = PBXSourcesBuildPhase;
			buildActionMask = 2147483647;
			files = (
				BC8C8B312AF3E5A100B45F62 /* Factory.swift in Sources */,
				BC8F536B2AF0C0DD00F3FFE0 /* NetworkErrors.swift in Sources */,
				BCF7149A2AF0E94700323455 /* Presenter.swift in Sources */,
				BCF714AA2AF2488D00323455 /* MainView.swift in Sources */,
				BCF714B02AF38AE400323455 /* PartTimeJobModel.swift in Sources */,
				BCF714A82AF247CF00323455 /* UIImageView+.swift in Sources */,
				BC8F53592AF0BF7C00F3FFE0 /* ViewController.swift in Sources */,
				BCF7149E2AF11A1100323455 /* TextWithColorBackground.swift in Sources */,
				BC8F53552AF0BF7C00F3FFE0 /* AppDelegate.swift in Sources */,
				BC8F53692AF0BFAD00F3FFE0 /* NetworkService.swift in Sources */,
				BCF714AE2AF38ABB00323455 /* CollectionViewCell.swift in Sources */,
				BC8F536D2AF0C17B00F3FFE0 /* NetworkModels.swift in Sources */,
				BCF714A22AF1239700323455 /* UIView+.swift in Sources */,
				BCF714A62AF238AB00323455 /* String+.swift in Sources */,
				BC8F53572AF0BF7C00F3FFE0 /* SceneDelegate.swift in Sources */,
				BCF714A02AF11EB100323455 /* UIColor+.swift in Sources */,
			);
			runOnlyForDeploymentPostprocessing = 0;
		};
/* End PBXSourcesBuildPhase section */

/* Begin XCBuildConfiguration section */
		BC8F53632AF0BF7D00F3FFE0 /* Debug */ = {
			isa = XCBuildConfiguration;
			buildSettings = {
				ALWAYS_SEARCH_USER_PATHS = NO;
				ASSETCATALOG_COMPILER_GENERATE_SWIFT_ASSET_SYMBOL_EXTENSIONS = YES;
				CLANG_ANALYZER_LOCALIZABILITY_NONLOCALIZED = YES;
				CLANG_ANALYZER_NONNULL = YES;
				CLANG_ANALYZER_NUMBER_OBJECT_CONVERSION = YES_AGGRESSIVE;
				CLANG_CXX_LANGUAGE_STANDARD = "gnu++20";
				CLANG_ENABLE_MODULES = YES;
				CLANG_ENABLE_OBJC_ARC = YES;
				CLANG_ENABLE_OBJC_WEAK = YES;
				CLANG_WARN_BLOCK_CAPTURE_AUTORELEASING = YES;
				CLANG_WARN_BOOL_CONVERSION = YES;
				CLANG_WARN_COMMA = YES;
				CLANG_WARN_CONSTANT_CONVERSION = YES;
				CLANG_WARN_DEPRECATED_OBJC_IMPLEMENTATIONS = YES;
				CLANG_WARN_DIRECT_OBJC_ISA_USAGE = YES_ERROR;
				CLANG_WARN_DOCUMENTATION_COMMENTS = YES;
				CLANG_WARN_EMPTY_BODY = YES;
				CLANG_WARN_ENUM_CONVERSION = YES;
				CLANG_WARN_INFINITE_RECURSION = YES;
				CLANG_WARN_INT_CONVERSION = YES;
				CLANG_WARN_NON_LITERAL_NULL_CONVERSION = YES;
				CLANG_WARN_OBJC_IMPLICIT_RETAIN_SELF = YES;
				CLANG_WARN_OBJC_LITERAL_CONVERSION = YES;
				CLANG_WARN_OBJC_ROOT_CLASS = YES_ERROR;
				CLANG_WARN_QUOTED_INCLUDE_IN_FRAMEWORK_HEADER = YES;
				CLANG_WARN_RANGE_LOOP_ANALYSIS = YES;
				CLANG_WARN_STRICT_PROTOTYPES = YES;
				CLANG_WARN_SUSPICIOUS_MOVE = YES;
				CLANG_WARN_UNGUARDED_AVAILABILITY = YES_AGGRESSIVE;
				CLANG_WARN_UNREACHABLE_CODE = YES;
				CLANG_WARN__DUPLICATE_METHOD_MATCH = YES;
				COPY_PHASE_STRIP = NO;
				DEBUG_INFORMATION_FORMAT = dwarf;
				ENABLE_STRICT_OBJC_MSGSEND = YES;
				ENABLE_TESTABILITY = YES;
				ENABLE_USER_SCRIPT_SANDBOXING = YES;
				GCC_C_LANGUAGE_STANDARD = gnu17;
				GCC_DYNAMIC_NO_PIC = NO;
				GCC_NO_COMMON_BLOCKS = YES;
				GCC_OPTIMIZATION_LEVEL = 0;
				GCC_PREPROCESSOR_DEFINITIONS = (
					"DEBUG=1",
					"$(inherited)",
				);
				GCC_WARN_64_TO_32_BIT_CONVERSION = YES;
				GCC_WARN_ABOUT_RETURN_TYPE = YES_ERROR;
				GCC_WARN_UNDECLARED_SELECTOR = YES;
				GCC_WARN_UNINITIALIZED_AUTOS = YES_AGGRESSIVE;
				GCC_WARN_UNUSED_FUNCTION = YES;
				GCC_WARN_UNUSED_VARIABLE = YES;
				IPHONEOS_DEPLOYMENT_TARGET = 17.0;
				LOCALIZATION_PREFERS_STRING_CATALOGS = YES;
				MTL_ENABLE_DEBUG_INFO = INCLUDE_SOURCE;
				MTL_FAST_MATH = YES;
				ONLY_ACTIVE_ARCH = YES;
				SDKROOT = iphoneos;
				SWIFT_ACTIVE_COMPILATION_CONDITIONS = "DEBUG $(inherited)";
				SWIFT_OPTIMIZATION_LEVEL = "-Onone";
			};
			name = Debug;
		};
		BC8F53642AF0BF7D00F3FFE0 /* Release */ = {
			isa = XCBuildConfiguration;
			buildSettings = {
				ALWAYS_SEARCH_USER_PATHS = NO;
				ASSETCATALOG_COMPILER_GENERATE_SWIFT_ASSET_SYMBOL_EXTENSIONS = YES;
				CLANG_ANALYZER_LOCALIZABILITY_NONLOCALIZED = YES;
				CLANG_ANALYZER_NONNULL = YES;
				CLANG_ANALYZER_NUMBER_OBJECT_CONVERSION = YES_AGGRESSIVE;
				CLANG_CXX_LANGUAGE_STANDARD = "gnu++20";
				CLANG_ENABLE_MODULES = YES;
				CLANG_ENABLE_OBJC_ARC = YES;
				CLANG_ENABLE_OBJC_WEAK = YES;
				CLANG_WARN_BLOCK_CAPTURE_AUTORELEASING = YES;
				CLANG_WARN_BOOL_CONVERSION = YES;
				CLANG_WARN_COMMA = YES;
				CLANG_WARN_CONSTANT_CONVERSION = YES;
				CLANG_WARN_DEPRECATED_OBJC_IMPLEMENTATIONS = YES;
				CLANG_WARN_DIRECT_OBJC_ISA_USAGE = YES_ERROR;
				CLANG_WARN_DOCUMENTATION_COMMENTS = YES;
				CLANG_WARN_EMPTY_BODY = YES;
				CLANG_WARN_ENUM_CONVERSION = YES;
				CLANG_WARN_INFINITE_RECURSION = YES;
				CLANG_WARN_INT_CONVERSION = YES;
				CLANG_WARN_NON_LITERAL_NULL_CONVERSION = YES;
				CLANG_WARN_OBJC_IMPLICIT_RETAIN_SELF = YES;
				CLANG_WARN_OBJC_LITERAL_CONVERSION = YES;
				CLANG_WARN_OBJC_ROOT_CLASS = YES_ERROR;
				CLANG_WARN_QUOTED_INCLUDE_IN_FRAMEWORK_HEADER = YES;
				CLANG_WARN_RANGE_LOOP_ANALYSIS = YES;
				CLANG_WARN_STRICT_PROTOTYPES = YES;
				CLANG_WARN_SUSPICIOUS_MOVE = YES;
				CLANG_WARN_UNGUARDED_AVAILABILITY = YES_AGGRESSIVE;
				CLANG_WARN_UNREACHABLE_CODE = YES;
				CLANG_WARN__DUPLICATE_METHOD_MATCH = YES;
				COPY_PHASE_STRIP = NO;
				DEBUG_INFORMATION_FORMAT = "dwarf-with-dsym";
				ENABLE_NS_ASSERTIONS = NO;
				ENABLE_STRICT_OBJC_MSGSEND = YES;
				ENABLE_USER_SCRIPT_SANDBOXING = YES;
				GCC_C_LANGUAGE_STANDARD = gnu17;
				GCC_NO_COMMON_BLOCKS = YES;
				GCC_WARN_64_TO_32_BIT_CONVERSION = YES;
				GCC_WARN_ABOUT_RETURN_TYPE = YES_ERROR;
				GCC_WARN_UNDECLARED_SELECTOR = YES;
				GCC_WARN_UNINITIALIZED_AUTOS = YES_AGGRESSIVE;
				GCC_WARN_UNUSED_FUNCTION = YES;
				GCC_WARN_UNUSED_VARIABLE = YES;
				IPHONEOS_DEPLOYMENT_TARGET = 17.0;
				LOCALIZATION_PREFERS_STRING_CATALOGS = YES;
				MTL_ENABLE_DEBUG_INFO = NO;
				MTL_FAST_MATH = YES;
				SDKROOT = iphoneos;
				SWIFT_COMPILATION_MODE = wholemodule;
				VALIDATE_PRODUCT = YES;
			};
			name = Release;
		};
		BC8F53662AF0BF7D00F3FFE0 /* Debug */ = {
			isa = XCBuildConfiguration;
			buildSettings = {
				ASSETCATALOG_COMPILER_APPICON_NAME = AppIcon;
				ASSETCATALOG_COMPILER_GLOBAL_ACCENT_COLOR_NAME = AccentColor;
				CODE_SIGN_STYLE = Automatic;
				CURRENT_PROJECT_VERSION = 1;
				DEVELOPMENT_TEAM = NZF7D66GZB;
				GENERATE_INFOPLIST_FILE = YES;
				INFOPLIST_FILE = "Part-time job/Info.plist";
				INFOPLIST_KEY_UIApplicationSupportsIndirectInputEvents = YES;
				INFOPLIST_KEY_UILaunchStoryboardName = LaunchScreen;
				INFOPLIST_KEY_UISupportedInterfaceOrientations_iPad = "UIInterfaceOrientationPortrait UIInterfaceOrientationPortraitUpsideDown UIInterfaceOrientationLandscapeLeft UIInterfaceOrientationLandscapeRight";
				INFOPLIST_KEY_UISupportedInterfaceOrientations_iPhone = "UIInterfaceOrientationPortrait UIInterfaceOrientationLandscapeLeft UIInterfaceOrientationLandscapeRight";
				IPHONEOS_DEPLOYMENT_TARGET = 15.0;
				LD_RUNPATH_SEARCH_PATHS = (
					"$(inherited)",
					"@executable_path/Frameworks",
				);
				MARKETING_VERSION = 1.0;
				PRODUCT_BUNDLE_IDENTIFIER = "-.Part-time-job";
				PRODUCT_NAME = "$(TARGET_NAME)";
				SWIFT_EMIT_LOC_STRINGS = YES;
				SWIFT_VERSION = 5.0;
				TARGETED_DEVICE_FAMILY = "1,2";
			};
			name = Debug;
		};
		BC8F53672AF0BF7D00F3FFE0 /* Release */ = {
			isa = XCBuildConfiguration;
			buildSettings = {
				ASSETCATALOG_COMPILER_APPICON_NAME = AppIcon;
				ASSETCATALOG_COMPILER_GLOBAL_ACCENT_COLOR_NAME = AccentColor;
				CODE_SIGN_STYLE = Automatic;
				CURRENT_PROJECT_VERSION = 1;
				DEVELOPMENT_TEAM = NZF7D66GZB;
				GENERATE_INFOPLIST_FILE = YES;
				INFOPLIST_FILE = "Part-time job/Info.plist";
				INFOPLIST_KEY_UIApplicationSupportsIndirectInputEvents = YES;
				INFOPLIST_KEY_UILaunchStoryboardName = LaunchScreen;
				INFOPLIST_KEY_UISupportedInterfaceOrientations_iPad = "UIInterfaceOrientationPortrait UIInterfaceOrientationPortraitUpsideDown UIInterfaceOrientationLandscapeLeft UIInterfaceOrientationLandscapeRight";
				INFOPLIST_KEY_UISupportedInterfaceOrientations_iPhone = "UIInterfaceOrientationPortrait UIInterfaceOrientationLandscapeLeft UIInterfaceOrientationLandscapeRight";
				IPHONEOS_DEPLOYMENT_TARGET = 15.0;
				LD_RUNPATH_SEARCH_PATHS = (
					"$(inherited)",
					"@executable_path/Frameworks",
				);
				MARKETING_VERSION = 1.0;
				PRODUCT_BUNDLE_IDENTIFIER = "-.Part-time-job";
				PRODUCT_NAME = "$(TARGET_NAME)";
				SWIFT_EMIT_LOC_STRINGS = YES;
				SWIFT_VERSION = 5.0;
				TARGETED_DEVICE_FAMILY = "1,2";
			};
			name = Release;
		};
/* End XCBuildConfiguration section */

/* Begin XCConfigurationList section */
		BC8F534C2AF0BF7C00F3FFE0 /* Build configuration list for PBXProject "Part-time job" */ = {
			isa = XCConfigurationList;
			buildConfigurations = (
				BC8F53632AF0BF7D00F3FFE0 /* Debug */,
				BC8F53642AF0BF7D00F3FFE0 /* Release */,
			);
			defaultConfigurationIsVisible = 0;
			defaultConfigurationName = Debug;
		};
		BC8F53652AF0BF7D00F3FFE0 /* Build configuration list for PBXNativeTarget "Part-time job" */ = {
			isa = XCConfigurationList;
			buildConfigurations = (
				BC8F53662AF0BF7D00F3FFE0 /* Debug */,
				BC8F53672AF0BF7D00F3FFE0 /* Release */,
			);
			defaultConfigurationIsVisible = 0;
			defaultConfigurationName = Debug;
		};
/* End XCConfigurationList section */
	};
	rootObject = BC8F53492AF0BF7C00F3FFE0 /* Project object */;
}
